# This file is automatically @generated by Poetry 1.7.1 and should not be changed by hand.

[[package]]
name = "colorama"
version = "0.4.6"
description = "Cross-platform colored terminal text."
optional = false
python-versions = "!=3.0.*,!=3.1.*,!=3.2.*,!=3.3.*,!=3.4.*,!=3.5.*,!=3.6.*,>=2.7"
files = [
    {file = "colorama-0.4.6-py2.py3-none-any.whl", hash = "sha256:4f1d9991f5acc0ca119f9d443620b77f9d6b33703e51011c16baf57afb285fc6"},
    {file = "colorama-0.4.6.tar.gz", hash = "sha256:08695f5cb7ed6e0531a20572697297273c47b8cae5a63ffc6d6ed5c201be6e44"},
]

[[package]]
name = "iniconfig"
version = "2.0.0"
description = "brain-dead simple config-ini parsing"
optional = false
python-versions = ">=3.7"
files = [
    {file = "iniconfig-2.0.0-py3-none-any.whl", hash = "sha256:b6a85871a79d2e3b22d2d1b94ac2824226a63c6b741c88f7ae975f18b6778374"},
    {file = "iniconfig-2.0.0.tar.gz", hash = "sha256:2d91e135bf72d31a410b17c16da610a82cb55f6b0477d1a902134b24a455b8b3"},
]

[[package]]
name = "packaging"
version = "23.2"
description = "Core utilities for Python packages"
optional = false
python-versions = ">=3.7"
files = [
    {file = "packaging-23.2-py3-none-any.whl", hash = "sha256:8c491190033a9af7e1d931d0b5dacc2ef47509b34dd0de67ed209b5203fc88c7"},
    {file = "packaging-23.2.tar.gz", hash = "sha256:048fb0e9405036518eaaf48a55953c750c11e1a1b68e0dd1a9d62ed0c092cfc5"},
]

[[package]]
name = "pcre2"
version = "0.3.0"
description = "Python bindings for the PCRE2 regular expression library"
optional = false
python-versions = "*"
files = [
    {file = "pcre2-0.3.0-cp310-cp310-macosx_10_9_x86_64.whl", hash = "sha256:725e2212174c9e969e0d02656e61a7553829c0723f44cb83c0383e722d05cc15"},
    {file = "pcre2-0.3.0-cp310-cp310-macosx_11_0_arm64.whl", hash = "sha256:98f507452b38df985c4b9e9c19b09ab5406e11caf5101d7580098e63f1de570d"},
    {file = "pcre2-0.3.0-cp310-cp310-manylinux_2_17_aarch64.manylinux2014_aarch64.whl", hash = "sha256:9021174fc87040afca74ed9225cfc8a5291f393e129d709bf55c460ee3c85d94"},
    {file = "pcre2-0.3.0-cp310-cp310-manylinux_2_17_x86_64.manylinux2014_x86_64.whl", hash = "sha256:b16abd614fa002d8509dc8f0c861daa4a629fd3d662a3804b40fbd20b4b1e1c8"},
    {file = "pcre2-0.3.0-cp310-cp310-musllinux_1_1_x86_64.whl", hash = "sha256:891026005ac6dd7b9aba875017d7eac6dfb3c80d2dc573d7f77f96ec0d2c6a0a"},
    {file = "pcre2-0.3.0-cp310-cp310-win_amd64.whl", hash = "sha256:9dcf2b81f75cde5fd5fab60591c86e319d5dfc2a27e70e3ab2f35aa3f2efff72"},
    {file = "pcre2-0.3.0-cp311-cp311-macosx_10_9_x86_64.whl", hash = "sha256:7d198b74ce43c21bc24ec010ca7e7edf4148d8c89e806cea070f3f44b6d0ba47"},
    {file = "pcre2-0.3.0-cp311-cp311-macosx_11_0_arm64.whl", hash = "sha256:40360a6f77b22aebc8fdd5d10e83179715fbd6a3b433e3d7a8ac8da6d684b9ba"},
    {file = "pcre2-0.3.0-cp311-cp311-manylinux_2_17_aarch64.manylinux2014_aarch64.whl", hash = "sha256:6fe0c68f70996c142ec119b629dd529925f01106b9a73e481f8ea984c38e7b13"},
    {file = "pcre2-0.3.0-cp311-cp311-manylinux_2_17_x86_64.manylinux2014_x86_64.whl", hash = "sha256:66959e12844831b3c847f637b67909abd25ac94e7a1178cc7d45ca3a04de2c7d"},
    {file = "pcre2-0.3.0-cp311-cp311-musllinux_1_1_x86_64.whl", hash = "sha256:ad40b9b763e28f7d8ad45c66044c855ad357c8d2b25cfd2f7a8f17890156439b"},
    {file = "pcre2-0.3.0-cp311-cp311-win_amd64.whl", hash = "sha256:2edbea47e50be4b567bbea2407ad45d4ade63d5e459e79ba4b2cc2d6e4bf1913"},
    {file = "pcre2-0.3.0-cp36-cp36m-macosx_10_9_x86_64.whl", hash = "sha256:9a4512fe1a0298d3d0551816fed961c575a92aad48bba97ab47473f715ef1421"},
    {file = "pcre2-0.3.0-cp36-cp36m-manylinux_2_17_aarch64.manylinux2014_aarch64.whl", hash = "sha256:e574512482a313cb67b18c5a39efd73871e37436594af654c41755073854a789"},
    {file = "pcre2-0.3.0-cp36-cp36m-manylinux_2_17_x86_64.manylinux2014_x86_64.whl", hash = "sha256:3fe425445187d587cddc3b22302b2e63ad4d38b42db33639dd345867e69c17b6"},
    {file = "pcre2-0.3.0-cp36-cp36m-musllinux_1_1_x86_64.whl", hash = "sha256:a690b51e614ebb684a17766742b30a91617158f6834c3d584d42b1fc713e9f5c"},
    {file = "pcre2-0.3.0-cp36-cp36m-win_amd64.whl", hash = "sha256:790446a9bdcb0da7ec716c3c2af1e8b18f38a1d3f6434655c74c51229663e85a"},
    {file = "pcre2-0.3.0-cp37-cp37m-macosx_10_9_x86_64.whl", hash = "sha256:c479d22ce368b9cb42d0b0a5cf1a15f9f9a60dc1c40af0755afebfc2449696f1"},
    {file = "pcre2-0.3.0-cp37-cp37m-manylinux_2_17_aarch64.manylinux2014_aarch64.whl", hash = "sha256:c443ff1be098397a7832fd351d21e3f10c57c0803d902042e858916b88956291"},
    {file = "pcre2-0.3.0-cp37-cp37m-manylinux_2_17_x86_64.manylinux2014_x86_64.whl", hash = "sha256:15098259dff1150a5341a7a057d914cdbcd38c6006e64e792e4f6f5bc5c5b2b3"},
    {file = "pcre2-0.3.0-cp37-cp37m-musllinux_1_1_x86_64.whl", hash = "sha256:9743fa67f83522961bc0bf5b64405ef26914412afafb326b9f7515c412b1634f"},
    {file = "pcre2-0.3.0-cp37-cp37m-win_amd64.whl", hash = "sha256:bfced30c0f4f9d9e254ec5e448e533ffe03b5076a18a8b462381e105bf7acee4"},
    {file = "pcre2-0.3.0-cp38-cp38-macosx_10_9_x86_64.whl", hash = "sha256:4212c5dc4ccf853f1be09c47d74e2adc5c27b4af7c1584274e46307b485e5748"},
    {file = "pcre2-0.3.0-cp38-cp38-macosx_11_0_arm64.whl", hash = "sha256:b04d77ea4592b4b8884529b587d876b13d36e7d4ead36e705a0bc0ace4aa0ac9"},
    {file = "pcre2-0.3.0-cp38-cp38-manylinux_2_17_aarch64.manylinux2014_aarch64.whl", hash = "sha256:acfd22e0dffb9d0b2a53170de6ff37b517e95873a1009e96512d4117a4f347af"},
    {file = "pcre2-0.3.0-cp38-cp38-manylinux_2_17_x86_64.manylinux2014_x86_64.whl", hash = "sha256:ad378cb0fc2fab5c1a60442beba89c865c1f3ed50a9177aa50004d82bd3d1f4a"},
    {file = "pcre2-0.3.0-cp38-cp38-musllinux_1_1_x86_64.whl", hash = "sha256:50357379dcf6184572632be01f667a27f641aae721ba8c266a766c83996280b3"},
    {file = "pcre2-0.3.0-cp38-cp38-win_amd64.whl", hash = "sha256:a96bf3933e5abd7420a1b5646d8c3aa459ea6f6419356522d48cdcac73f9ee84"},
    {file = "pcre2-0.3.0-cp39-cp39-macosx_10_9_x86_64.whl", hash = "sha256:78719b16f6fd84c689ce9881753bb0fcef8e8aedfc188c25f54921993120496f"},
    {file = "pcre2-0.3.0-cp39-cp39-macosx_11_0_arm64.whl", hash = "sha256:f848a229b46c3a076f21d7826895b433f24278b40c1a484ea3a0a3821eaf32a2"},
    {file = "pcre2-0.3.0-cp39-cp39-manylinux_2_17_aarch64.manylinux2014_aarch64.whl", hash = "sha256:01dc88da53e11698b01cd9e6ec0d6f15743d7b843344524ac6868f9d837e0610"},
    {file = "pcre2-0.3.0-cp39-cp39-manylinux_2_17_x86_64.manylinux2014_x86_64.whl", hash = "sha256:02730abae924a6e443f779286d14a7a1bff2c6f1a706e92a4e85d499d9a2630d"},
    {file = "pcre2-0.3.0-cp39-cp39-musllinux_1_1_x86_64.whl", hash = "sha256:efb4d93557464310eff88c940c63bedae8413958d325ac233478e2a9a83abca1"},
    {file = "pcre2-0.3.0-cp39-cp39-win_amd64.whl", hash = "sha256:a31581131402bd9106143c7c88cc4df6ef105875ad0ffddbff098860fdd65a51"},
    {file = "pcre2-0.3.0.tar.gz", hash = "sha256:de2794129790af48948fe0338deacb41b8ccfbaa4665828dac211a0fa0935edb"},
]

[[package]]
name = "pluggy"
version = "1.3.0"
description = "plugin and hook calling mechanisms for python"
optional = false
python-versions = ">=3.8"
files = [
    {file = "pluggy-1.3.0-py3-none-any.whl", hash = "sha256:d89c696a773f8bd377d18e5ecda92b7a3793cbe66c87060a6fb58c7b6e1061f7"},
    {file = "pluggy-1.3.0.tar.gz", hash = "sha256:cf61ae8f126ac6f7c451172cf30e3e43d3ca77615509771b3a984a0730651e12"},
]

[package.extras]
dev = ["pre-commit", "tox"]
testing = ["pytest", "pytest-benchmark"]

[[package]]
name = "pytest"
version = "7.4.4"
description = "pytest: simple powerful testing with Python"
optional = false
python-versions = ">=3.7"
files = [
    {file = "pytest-7.4.4-py3-none-any.whl", hash = "sha256:b090cdf5ed60bf4c45261be03239c2c1c22df034fbffe691abe93cd80cea01d8"},
    {file = "pytest-7.4.4.tar.gz", hash = "sha256:2cf0005922c6ace4a3e2ec8b4080eb0d9753fdc93107415332f50ce9e7994280"},
]

[package.dependencies]
colorama = {version = "*", markers = "sys_platform == \"win32\""}
iniconfig = "*"
packaging = "*"
pluggy = ">=0.12,<2.0"

[package.extras]
testing = ["argcomplete", "attrs (>=19.2.0)", "hypothesis (>=3.56)", "mock", "nose", "pygments (>=2.7.2)", "requests", "setuptools", "xmlschema"]

[[package]]
name = "ruff"
version = "0.1.13"
description = "An extremely fast Python linter and code formatter, written in Rust."
optional = false
python-versions = ">=3.7"
files = [
    {file = "ruff-0.1.13-py3-none-macosx_10_12_x86_64.macosx_11_0_arm64.macosx_10_12_universal2.whl", hash = "sha256:e3fd36e0d48aeac672aa850045e784673449ce619afc12823ea7868fcc41d8ba"},
    {file = "ruff-0.1.13-py3-none-macosx_10_12_x86_64.whl", hash = "sha256:9fb6b3b86450d4ec6a6732f9f60c4406061b6851c4b29f944f8c9d91c3611c7a"},
    {file = "ruff-0.1.13-py3-none-manylinux_2_17_aarch64.manylinux2014_aarch64.whl", hash = "sha256:b13ba5d7156daaf3fd08b6b993360a96060500aca7e307d95ecbc5bb47a69296"},
    {file = "ruff-0.1.13-py3-none-manylinux_2_17_armv7l.manylinux2014_armv7l.whl", hash = "sha256:9ebb40442f7b531e136d334ef0851412410061e65d61ca8ce90d894a094feb22"},
    {file = "ruff-0.1.13-py3-none-manylinux_2_17_i686.manylinux2014_i686.whl", hash = "sha256:226b517f42d59a543d6383cfe03cccf0091e3e0ed1b856c6824be03d2a75d3b6"},
    {file = "ruff-0.1.13-py3-none-manylinux_2_17_ppc64.manylinux2014_ppc64.whl", hash = "sha256:5f0312ba1061e9b8c724e9a702d3c8621e3c6e6c2c9bd862550ab2951ac75c16"},
    {file = "ruff-0.1.13-py3-none-manylinux_2_17_ppc64le.manylinux2014_ppc64le.whl", hash = "sha256:2f59bcf5217c661254bd6bc42d65a6fd1a8b80c48763cb5c2293295babd945dd"},
    {file = "ruff-0.1.13-py3-none-manylinux_2_17_s390x.manylinux2014_s390x.whl", hash = "sha256:e6894b00495e00c27b6ba61af1fc666f17de6140345e5ef27dd6e08fb987259d"},
    {file = "ruff-0.1.13-py3-none-manylinux_2_17_x86_64.manylinux2014_x86_64.whl", hash = "sha256:9a1600942485c6e66119da294c6294856b5c86fd6df591ce293e4a4cc8e72989"},
    {file = "ruff-0.1.13-py3-none-musllinux_1_2_aarch64.whl", hash = "sha256:ee3febce7863e231a467f90e681d3d89210b900d49ce88723ce052c8761be8c7"},
    {file = "ruff-0.1.13-py3-none-musllinux_1_2_armv7l.whl", hash = "sha256:dcaab50e278ff497ee4d1fe69b29ca0a9a47cd954bb17963628fa417933c6eb1"},
    {file = "ruff-0.1.13-py3-none-musllinux_1_2_i686.whl", hash = "sha256:f57de973de4edef3ad3044d6a50c02ad9fc2dff0d88587f25f1a48e3f72edf5e"},
    {file = "ruff-0.1.13-py3-none-musllinux_1_2_x86_64.whl", hash = "sha256:7a36fa90eb12208272a858475ec43ac811ac37e91ef868759770b71bdabe27b6"},
    {file = "ruff-0.1.13-py3-none-win32.whl", hash = "sha256:a623349a505ff768dad6bd57087e2461be8db58305ebd5577bd0e98631f9ae69"},
    {file = "ruff-0.1.13-py3-none-win_amd64.whl", hash = "sha256:f988746e3c3982bea7f824c8fa318ce7f538c4dfefec99cd09c8770bd33e6539"},
    {file = "ruff-0.1.13-py3-none-win_arm64.whl", hash = "sha256:6bbbc3042075871ec17f28864808540a26f0f79a4478c357d3e3d2284e832998"},
    {file = "ruff-0.1.13.tar.gz", hash = "sha256:e261f1baed6291f434ffb1d5c6bd8051d1c2a26958072d38dfbec39b3dda7352"},
]

[metadata]
lock-version = "2.0"
python-versions = "^3.11"
content-hash = "6a30596f3656f7c74e18f51d09450cbacbf2347739ef7e74fe635430a057afc6"
